
Microsoft Visual Studio Solution File, Format Version 12.00
# Visual Studio Version 16
VisualStudioVersion = 16.0.31410.357
MinimumVisualStudioVersion = 10.0.40219.1
Project("{FAE04EC0-301F-11D3-BF4B-00C04F79EFBC}") = "CustomLAExtension", "CustomLAExtension.csproj", "{67D93AF6-144D-40AD-BF1E-E7EE304A987D}"
EndProject
Global
	GlobalSection(SolutionConfigurationPlatforms) = preSolution
		Debug|Any CPU = Debug|Any CPU
		Release|Any CPU = Release|Any CPU
	EndGlobalSection
	GlobalSection(ProjectConfigurationPlatforms) = postSolution
		{67D93AF6-144D-40AD-BF1E-E7EE304A987D}.Debug|Any CPU.ActiveCfg = Debug|Any CPU
		{67D93AF6-144D-40AD-BF1E-E7EE304A987D}.Debug|Any CPU.Build.0 = Debug|Any CPU
		{67D93AF6-144D-40AD-BF1E-E7EE304A987D}.Release|Any CPU.ActiveCfg = Release|Any CPU
		{67D93AF6-144D-40AD-BF1E-E7EE304A987D}.Release|Any CPU.Build.0 = Release|Any CPU
	EndGlobalSection
	GlobalSection(SolutionProperties) = preSolution
		HideSolutionNode = FALSE
	EndGlobalSection
	GlobalSection(ExtensibilityGlobals) = postSolution
		SolutionGuid = {ADA53BBB-7EBB-4FCC-9681-1B0287954E5D}
	EndGlobalSection
EndGlobal
